
Microsoft Visual Studio Solution File, Format Version 12.00
Project("{FAE04EC0-301F-11D3-BF4B-00C04F79EFBC}") = "CoreRpc", "CoreRpc\CoreRpc.csproj", "{87E6974F-D736-4362-8FE7-B952F56ED9F9}"
EndProject
Project("{2150E333-8FDC-42A3-9474-1A3956D46DE8}") = "PerformanceTests", "PerformanceTests", "{1A93DA58-5733-452D-BB4B-CB0CD670BBFE}"
EndProject
Project("{FAE04EC0-301F-11D3-BF4B-00C04F79EFBC}") = "CoreRpc.TestContract", "CoreRpc.TestContract\CoreRpc.TestContract.csproj", "{A7224166-C355-4083-9C81-0F19C980D9C9}"
EndProject
Project("{FAE04EC0-301F-11D3-BF4B-00C04F79EFBC}") = "CoreRpc.TestServer", "CoreRpc.TestServer\CoreRpc.TestServer.csproj", "{BC53F138-359E-48C5-83F1-F3C337C86D0F}"
EndProject
Project("{FAE04EC0-301F-11D3-BF4B-00C04F79EFBC}") = "CoreRpc.TestClient", "CoreRpc.TestClient\CoreRpc.TestClient.csproj", "{BF73265B-A24F-4DBC-BCB7-8C0CD861FD93}"
EndProject
Project("{FAE04EC0-301F-11D3-BF4B-00C04F79EFBC}") = "CoreRpc.UnitTests", "CoreRpc.UnitTests\CoreRpc.UnitTests.csproj", "{AAEFCF89-8D5B-49DD-A97C-DE45453A574A}"
EndProject
Global
	GlobalSection(SolutionConfigurationPlatforms) = preSolution
		Debug|Any CPU = Debug|Any CPU
		Release|Any CPU = Release|Any CPU
	EndGlobalSection
	GlobalSection(ProjectConfigurationPlatforms) = postSolution
		{87E6974F-D736-4362-8FE7-B952F56ED9F9}.Debug|Any CPU.ActiveCfg = Debug|Any CPU
		{87E6974F-D736-4362-8FE7-B952F56ED9F9}.Debug|Any CPU.Build.0 = Debug|Any CPU
		{87E6974F-D736-4362-8FE7-B952F56ED9F9}.Release|Any CPU.ActiveCfg = Release|Any CPU
		{87E6974F-D736-4362-8FE7-B952F56ED9F9}.Release|Any CPU.Build.0 = Release|Any CPU
		{A7224166-C355-4083-9C81-0F19C980D9C9}.Debug|Any CPU.ActiveCfg = Debug|Any CPU
		{A7224166-C355-4083-9C81-0F19C980D9C9}.Debug|Any CPU.Build.0 = Debug|Any CPU
		{A7224166-C355-4083-9C81-0F19C980D9C9}.Release|Any CPU.ActiveCfg = Release|Any CPU
		{A7224166-C355-4083-9C81-0F19C980D9C9}.Release|Any CPU.Build.0 = Release|Any CPU
		{BC53F138-359E-48C5-83F1-F3C337C86D0F}.Debug|Any CPU.ActiveCfg = Debug|Any CPU
		{BC53F138-359E-48C5-83F1-F3C337C86D0F}.Debug|Any CPU.Build.0 = Debug|Any CPU
		{BC53F138-359E-48C5-83F1-F3C337C86D0F}.Release|Any CPU.ActiveCfg = Release|Any CPU
		{BC53F138-359E-48C5-83F1-F3C337C86D0F}.Release|Any CPU.Build.0 = Release|Any CPU
		{BF73265B-A24F-4DBC-BCB7-8C0CD861FD93}.Debug|Any CPU.ActiveCfg = Debug|Any CPU
		{BF73265B-A24F-4DBC-BCB7-8C0CD861FD93}.Debug|Any CPU.Build.0 = Debug|Any CPU
		{BF73265B-A24F-4DBC-BCB7-8C0CD861FD93}.Release|Any CPU.ActiveCfg = Release|Any CPU
		{BF73265B-A24F-4DBC-BCB7-8C0CD861FD93}.Release|Any CPU.Build.0 = Release|Any CPU
		{AAEFCF89-8D5B-49DD-A97C-DE45453A574A}.Debug|Any CPU.ActiveCfg = Debug|Any CPU
		{AAEFCF89-8D5B-49DD-A97C-DE45453A574A}.Debug|Any CPU.Build.0 = Debug|Any CPU
		{AAEFCF89-8D5B-49DD-A97C-DE45453A574A}.Release|Any CPU.ActiveCfg = Release|Any CPU
		{AAEFCF89-8D5B-49DD-A97C-DE45453A574A}.Release|Any CPU.Build.0 = Release|Any CPU
	EndGlobalSection
	GlobalSection(NestedProjects) = preSolution
		{A7224166-C355-4083-9C81-0F19C980D9C9} = {1A93DA58-5733-452D-BB4B-CB0CD670BBFE}
		{BC53F138-359E-48C5-83F1-F3C337C86D0F} = {1A93DA58-5733-452D-BB4B-CB0CD670BBFE}
		{BF73265B-A24F-4DBC-BCB7-8C0CD861FD93} = {1A93DA58-5733-452D-BB4B-CB0CD670BBFE}
	EndGlobalSection
EndGlobal
